{
  "name": "nitro-output",
  "version": "0.0.0",
  "lockfileVersion": 3,
  "requires": true,
  "packages": {
    "": {
      "name": "nitro-output",
      "version": "0.0.0",
      "bundleDependencies": [
        "@babel/parser",
        "@unhead/dom",
        "@unhead/shared",
        "@unhead/ssr",
        "@vue/compiler-core",
        "@vue/compiler-dom",
        "@vue/compiler-ssr",
        "@vue/devtools-api",
        "@vue/reactivity",
        "@vue/runtime-core",
        "@vue/runtime-dom",
        "@vue/server-renderer",
        "@vue/shared",
        "buffer-from",
        "cookie-es",
        "debug",
        "defu",
        "destr",
        "devalue",
        "estree-walker",
        "h3",
        "hookable",
        "http-graceful-shutdown",
        "iron-webcrypto",
        "klona",
        "ms",
        "node-fetch-native",
        "ofetch",
        "ohash",
        "pathe",
        "radix3",
        "scule",
        "source-map",
        "source-map-js",
        "source-map-support",
        "supports-color",
        "ufo",
        "uncrypto",
        "unctx",
        "unenv",
        "unhead",
        "unstorage",
        "vue",
        "vue-bundle-renderer",
        "vue-router"
      ]
    }
  }
}
